
Microsoft Visual Studio Solution File, Format Version 12.00
# Visual Studio 2013
VisualStudioVersion = 12.0.30324.0
MinimumVisualStudioVersion = 10.0.40219.1
Project("{FAE04EC0-301F-11D3-BF4B-00C04F79EFBC}") = "OrionConnect_Api_Sample", "OrionConnect_Api_Sample\OrionConnect_Api_Sample.csproj", "{C42D382B-EA8D-4362-84D3-B45C975567E3}"
EndProject
Project("{FAE04EC0-301F-11D3-BF4B-00C04F79EFBC}") = "OrionApiSdk", "OrionApiSdk\OrionApiSdk.csproj", "{77734886-E0B0-4ED0-AB08-6FDC9DD07DBD}"
EndProject
Global
	GlobalSection(SolutionConfigurationPlatforms) = preSolution
		Debug|Any CPU = Debug|Any CPU
		Release|Any CPU = Release|Any CPU
	EndGlobalSection
	GlobalSection(ProjectConfigurationPlatforms) = postSolution
		{C42D382B-EA8D-4362-84D3-B45C975567E3}.Debug|Any CPU.ActiveCfg = Debug|Any CPU
		{C42D382B-EA8D-4362-84D3-B45C975567E3}.Debug|Any CPU.Build.0 = Debug|Any CPU
		{C42D382B-EA8D-4362-84D3-B45C975567E3}.Release|Any CPU.ActiveCfg = Release|Any CPU
		{C42D382B-EA8D-4362-84D3-B45C975567E3}.Release|Any CPU.Build.0 = Release|Any CPU
		{77734886-E0B0-4ED0-AB08-6FDC9DD07DBD}.Debug|Any CPU.ActiveCfg = Debug|Any CPU
		{77734886-E0B0-4ED0-AB08-6FDC9DD07DBD}.Debug|Any CPU.Build.0 = Debug|Any CPU
		{77734886-E0B0-4ED0-AB08-6FDC9DD07DBD}.Release|Any CPU.ActiveCfg = Release|Any CPU
		{77734886-E0B0-4ED0-AB08-6FDC9DD07DBD}.Release|Any CPU.Build.0 = Release|Any CPU
	EndGlobalSection
	GlobalSection(SolutionProperties) = preSolution
		HideSolutionNode = FALSE
	EndGlobalSection
EndGlobal
